
Microsoft Visual Studio Solution File, Format Version 11.00
# Visual Studio 2010
Project("{FAE04EC0-301F-11D3-BF4B-00C04F79EFBC}") = "Amoeba", "Assembly-CSharp.csproj", "{5D9E3401-6CAD-FA9E-CE3A-C430E2D13838}"
EndProject
Project("{FAE04EC0-301F-11D3-BF4B-00C04F79EFBC}") = "Amoeba", "Assembly-CSharp-firstpass.csproj", "{FE127CFF-C1FF-66DC-9D1D-E57EA16F6FE3}"
EndProject
Project("{FAE04EC0-301F-11D3-BF4B-00C04F79EFBC}") = "Amoeba", "Assembly-CSharp-Editor-firstpass.csproj", "{F6283CEB-903A-3E32-9CD2-3FA0C7F87CF9}"
EndProject
Project("{FAE04EC0-301F-11D3-BF4B-00C04F79EFBC}") = "Amoeba", "Assembly-CSharp-Editor.csproj", "{97BC739D-9A5A-BE6A-BE3C-AC22FDCC5255}"
EndProject
Global
	GlobalSection(SolutionConfigurationPlatforms) = preSolution
		Debug|Any CPU = Debug|Any CPU
		Release|Any CPU = Release|Any CPU
	EndGlobalSection
	GlobalSection(ProjectConfigurationPlatforms) = postSolution
		{5D9E3401-6CAD-FA9E-CE3A-C430E2D13838}.Debug|Any CPU.ActiveCfg = Debug|Any CPU
		{5D9E3401-6CAD-FA9E-CE3A-C430E2D13838}.Debug|Any CPU.Build.0 = Debug|Any CPU
		{5D9E3401-6CAD-FA9E-CE3A-C430E2D13838}.Release|Any CPU.ActiveCfg = Release|Any CPU
		{5D9E3401-6CAD-FA9E-CE3A-C430E2D13838}.Release|Any CPU.Build.0 = Release|Any CPU
		{FE127CFF-C1FF-66DC-9D1D-E57EA16F6FE3}.Debug|Any CPU.ActiveCfg = Debug|Any CPU
		{FE127CFF-C1FF-66DC-9D1D-E57EA16F6FE3}.Debug|Any CPU.Build.0 = Debug|Any CPU
		{FE127CFF-C1FF-66DC-9D1D-E57EA16F6FE3}.Release|Any CPU.ActiveCfg = Release|Any CPU
		{FE127CFF-C1FF-66DC-9D1D-E57EA16F6FE3}.Release|Any CPU.Build.0 = Release|Any CPU
		{F6283CEB-903A-3E32-9CD2-3FA0C7F87CF9}.Debug|Any CPU.ActiveCfg = Debug|Any CPU
		{F6283CEB-903A-3E32-9CD2-3FA0C7F87CF9}.Debug|Any CPU.Build.0 = Debug|Any CPU
		{F6283CEB-903A-3E32-9CD2-3FA0C7F87CF9}.Release|Any CPU.ActiveCfg = Release|Any CPU
		{F6283CEB-903A-3E32-9CD2-3FA0C7F87CF9}.Release|Any CPU.Build.0 = Release|Any CPU
		{97BC739D-9A5A-BE6A-BE3C-AC22FDCC5255}.Debug|Any CPU.ActiveCfg = Debug|Any CPU
		{97BC739D-9A5A-BE6A-BE3C-AC22FDCC5255}.Debug|Any CPU.Build.0 = Debug|Any CPU
		{97BC739D-9A5A-BE6A-BE3C-AC22FDCC5255}.Release|Any CPU.ActiveCfg = Release|Any CPU
		{97BC739D-9A5A-BE6A-BE3C-AC22FDCC5255}.Release|Any CPU.Build.0 = Release|Any CPU
	EndGlobalSection
	GlobalSection(SolutionProperties) = preSolution
		HideSolutionNode = FALSE
	EndGlobalSection
	GlobalSection(MonoDevelopProperties) = preSolution
		StartupItem = Assembly-CSharp.csproj
	EndGlobalSection
EndGlobal
